
Microsoft Visual Studio Solution File, Format Version 12.00
# Visual Studio Version 16
VisualStudioVersion = 16.0.30320.27
MinimumVisualStudioVersion = 10.0.40219.1
Project("{FAE04EC0-301F-11D3-BF4B-00C04F79EFBC}") = "TCM_MVC", "TCM_MVC\TCM_MVC.csproj", "{ABEE15B7-19C3-4430-9041-18CC7AC39F5B}"
EndProject
Global
	GlobalSection(SolutionConfigurationPlatforms) = preSolution
		Debug|Any CPU = Debug|Any CPU
		Release|Any CPU = Release|Any CPU
	EndGlobalSection
	GlobalSection(ProjectConfigurationPlatforms) = postSolution
		{ABEE15B7-19C3-4430-9041-18CC7AC39F5B}.Debug|Any CPU.ActiveCfg = Debug|Any CPU
		{ABEE15B7-19C3-4430-9041-18CC7AC39F5B}.Debug|Any CPU.Build.0 = Debug|Any CPU
		{ABEE15B7-19C3-4430-9041-18CC7AC39F5B}.Release|Any CPU.ActiveCfg = Release|Any CPU
		{ABEE15B7-19C3-4430-9041-18CC7AC39F5B}.Release|Any CPU.Build.0 = Release|Any CPU
	EndGlobalSection
	GlobalSection(SolutionProperties) = preSolution
		HideSolutionNode = FALSE
	EndGlobalSection
	GlobalSection(ExtensibilityGlobals) = postSolution
		SolutionGuid = {EE393612-C51E-4AC6-A01F-183328FCF870}
	EndGlobalSection
EndGlobal
